// !$*UTF8*$!
{
	archiveVersion = 1;
	classes = {
	};
	objectVersion = 46;
	objects = {

/* Begin PBXBuildFile section */
		735C1C031C16F11D0007864C /* AppDelegate.swift in Sources */ = {isa = PBXBuildFile; fileRef = 735C1C021C16F11D0007864C /* AppDelegate.swift */; };
		735C1C051C16F11D0007864C /* ViewController.swift in Sources */ = {isa = PBXBuildFile; fileRef = 735C1C041C16F11D0007864C /* ViewController.swift */; };
		735C1C081C16F11D0007864C /* Main.storyboard in Resources */ = {isa = PBXBuildFile; fileRef = 735C1C061C16F11D0007864C /* Main.storyboard */; };
		735C1C0A1C16F11D0007864C /* Assets.xcassets in Resources */ = {isa = PBXBuildFile; fileRef = 735C1C091C16F11D0007864C /* Assets.xcassets */; };
		735C1C0D1C16F11D0007864C /* LaunchScreen.storyboard in Resources */ = {isa = PBXBuildFile; fileRef = 735C1C0B1C16F11D0007864C /* LaunchScreen.storyboard */; };
		735C1C181C16F11D0007864C /* locationServerIosAppTests.swift in Sources */ = {isa = PBXBuildFile; fileRef = 735C1C171C16F11D0007864C /* locationServerIosAppTests.swift */; };
		735C1C231C16F11D0007864C /* locationServerIosAppUITests.swift in Sources */ = {isa = PBXBuildFile; fileRef = 735C1C221C16F11D0007864C /* locationServerIosAppUITests.swift */; };
/* End PBXBuildFile section */

/* Begin PBXContainerItemProxy section */
		735C1C141C16F11D0007864C /* PBXContainerItemProxy */ = {
			isa = PBXContainerItemProxy;
			containerPortal = 735C1BF71C16F11D0007864C /* Project object */;
			proxyType = 1;
			remoteGlobalIDString = 735C1BFE1C16F11D0007864C;
			remoteInfo = locationServerIosApp;
		};
		735C1C1F1C16F11D0007864C /* PBXContainerItemProxy */ = {
			isa = PBXContainerItemProxy;
			containerPortal = 735C1BF71C16F11D0007864C /* Project object */;
			proxyType = 1;
			remoteGlobalIDString = 735C1BFE1C16F11D0007864C;
			remoteInfo = locationServerIosApp;
		};
/* End PBXContainerItemProxy section */

/* Begin PBXFileReference section */
		735C1BFF1C16F11D0007864C /* locationServerIosApp.app */ = {isa = PBXFileReference; explicitFileType = wrapper.application; includeInIndex = 0; path = locationServerIosApp.app; sourceTree = BUILT_PRODUCTS_DIR; };
		735C1C021C16F11D0007864C /* AppDelegate.swift */ = {isa = PBXFileReference; lastKnownFileType = sourcecode.swift; path = AppDelegate.swift; sourceTree = "<group>"; };
		735C1C041C16F11D0007864C /* ViewController.swift */ = {isa = PBXFileReference; lastKnownFileType = sourcecode.swift; path = ViewController.swift; sourceTree = "<group>"; };
		735C1C071C16F11D0007864C /* Base */ = {isa = PBXFileReference; lastKnownFileType = file.storyboard; name = Base; path = Base.lproj/Main.storyboard; sourceTree = "<group>"; };
		735C1C091C16F11D0007864C /* Assets.xcassets */ = {isa = PBXFileReference; lastKnownFileType = folder.assetcatalog; path = Assets.xcassets; sourceTree = "<group>"; };
		735C1C0C1C16F11D0007864C /* Base */ = {isa = PBXFileReference; lastKnownFileType = file.storyboard; name = Base; path = Base.lproj/LaunchScreen.storyboard; sourceTree = "<group>"; };
		735C1C0E1C16F11D0007864C /* Info.plist */ = {isa = PBXFileReference; lastKnownFileType = text.plist.xml; path = Info.plist; sourceTree = "<group>"; };
		735C1C131C16F11D0007864C /* locationServerIosAppTests.xctest */ = {isa = PBXFileReference; explicitFileType = wrapper.cfbundle; includeInIndex = 0; path = locationServerIosAppTests.xctest; sourceTree = BUILT_PRODUCTS_DIR; };
		735C1C171C16F11D0007864C /* locationServerIosAppTests.swift */ = {isa = PBXFileReference; lastKnownFileType = sourcecode.swift; path = locationServerIosAppTests.swift; sourceTree = "<group>"; };
		735C1C191C16F11D0007864C /* Info.plist */ = {isa = PBXFileReference; lastKnownFileType = text.plist.xml; path = Info.plist; sourceTree = "<group>"; };
		735C1C1E1C16F11D0007864C /* locationServerIosAppUITests.xctest */ = {isa = PBXFileReference; explicitFileType = wrapper.cfbundle; includeInIndex = 0; path = locationServerIosAppUITests.xctest; sourceTree = BUILT_PRODUCTS_DIR; };
		735C1C221C16F11D0007864C /* locationServerIosAppUITests.swift */ = {isa = PBXFileReference; lastKnownFileType = sourcecode.swift; path = locationServerIosAppUITests.swift; sourceTree = "<group>"; };
		735C1C241C16F11D0007864C /* Info.plist */ = {isa = PBXFileReference; lastKnownFileType = text.plist.xml; path = Info.plist; sourceTree = "<group>"; };
/* End PBXFileReference section */

/* Begin PBXFrameworksBuildPhase section */
		735C1BFC1C16F11D0007864C /* Frameworks */ = {
			isa = PBXFrameworksBuildPhase;
			buildActionMask = 2147483647;
			files = (
			);
			runOnlyForDeploymentPostprocessing = 0;
		};
		735C1C101C16F11D0007864C /* Frameworks */ = {
			isa = PBXFrameworksBuildPhase;
			buildActionMask = 2147483647;
			files = (
			);
			runOnlyForDeploymentPostprocessing = 0;
		};
		735C1C1B1C16F11D0007864C /* Frameworks */ = {
			isa = PBXFrameworksBuildPhase;
			buildActionMask = 2147483647;
			files = (
			);
			runOnlyForDeploymentPostprocessing = 0;
		};
/* End PBXFrameworksBuildPhase section */

/* Begin PBXGroup section */
		735C1BF61C16F11D0007864C = {
			isa = PBXGroup;
			children = (
				735C1C011C16F11D0007864C /* locationServerIosApp */,
				735C1C161C16F11D0007864C /* locationServerIosAppTests */,
				735C1C211C16F11D0007864C /* locationServerIosAppUITests */,
				735C1C001C16F11D0007864C /* Products */,
			);
			sourceTree = "<group>";
		};
		735C1C001C16F11D0007864C /* Products */ = {
			isa = PBXGroup;
			children = (
				735C1BFF1C16F11D0007864C /* locationServerIosApp.app */,
				735C1C131C16F11D0007864C /* locationServerIosAppTests.xctest */,
				735C1C1E1C16F11D0007864C /* locationServerIosAppUITests.xctest */,
			);
			name = Products;
			sourceTree = "<group>";
		};
		735C1C011C16F11D0007864C /* locationServerIosApp */ = {
			isa = PBXGroup;
			children = (
				735C1C021C16F11D0007864C /* AppDelegate.swift */,
				735C1C041C16F11D0007864C /* ViewController.swift */,
				735C1C061C16F11D0007864C /* Main.storyboard */,
				735C1C091C16F11D0007864C /* Assets.xcassets */,
				735C1C0B1C16F11D0007864C /* LaunchScreen.storyboard */,
				735C1C0E1C16F11D0007864C /* Info.plist */,
			);
			path = locationServerIosApp;
			sourceTree = "<group>";
		};
		735C1C161C16F11D0007864C /* locationServerIosAppTests */ = {
			isa = PBXGroup;
			children = (
				735C1C171C16F11D0007864C /* locationServerIosAppTests.swift */,
				735C1C191C16F11D0007864C /* Info.plist */,
			);
			path = locationServerIosAppTests;
			sourceTree = "<group>";
		};
		735C1C211C16F11D0007864C /* locationServerIosAppUITests */ = {
			isa = PBXGroup;
			children = (
				735C1C221C16F11D0007864C /* locationServerIosAppUITests.swift */,
				735C1C241C16F11D0007864C /* Info.plist */,
			);
			path = locationServerIosAppUITests;
			sourceTree = "<group>";
		};
/* End PBXGroup section */

/* Begin PBXNativeTarget section */
		735C1BFE1C16F11D0007864C /* locationServerIosApp */ = {
			isa = PBXNativeTarget;
			buildConfigurationList = 735C1C271C16F11D0007864C /* Build configuration list for PBXNativeTarget "locationServerIosApp" */;
			buildPhases = (
				735C1BFB1C16F11D0007864C /* Sources */,
				735C1BFC1C16F11D0007864C /* Frameworks */,
				735C1BFD1C16F11D0007864C /* Resources */,
			);
			buildRules = (
			);
			dependencies = (
			);
			name = locationServerIosApp;
			productName = locationServerIosApp;
			productReference = 735C1BFF1C16F11D0007864C /* locationServerIosApp.app */;
			productType = "com.apple.product-type.application";
		};
		735C1C121C16F11D0007864C /* locationServerIosAppTests */ = {
			isa = PBXNativeTarget;
			buildConfigurationList = 735C1C2A1C16F11D0007864C /* Build configuration list for PBXNativeTarget "locationServerIosAppTests" */;
			buildPhases = (
				735C1C0F1C16F11D0007864C /* Sources */,
				735C1C101C16F11D0007864C /* Frameworks */,
				735C1C111C16F11D0007864C /* Resources */,
			);
			buildRules = (
			);
			dependencies = (
				735C1C151C16F11D0007864C /* PBXTargetDependency */,
			);
			name = locationServerIosAppTests;
			productName = locationServerIosAppTests;
			productReference = 735C1C131C16F11D0007864C /* locationServerIosAppTests.xctest */;
			productType = "com.apple.product-type.bundle.unit-test";
		};
		735C1C1D1C16F11D0007864C /* locationServerIosAppUITests */ = {
			isa = PBXNativeTarget;
			buildConfigurationList = 735C1C2D1C16F11D0007864C /* Build configuration list for PBXNativeTarget "locationServerIosAppUITests" */;
			buildPhases = (
				735C1C1A1C16F11D0007864C /* Sources */,
				735C1C1B1C16F11D0007864C /* Frameworks */,
				735C1C1C1C16F11D0007864C /* Resources */,
			);
			buildRules = (
			);
			dependencies = (
				735C1C201C16F11D0007864C /* PBXTargetDependency */,
			);
			name = locationServerIosAppUITests;
			productName = locationServerIosAppUITests;
			productReference = 735C1C1E1C16F11D0007864C /* locationServerIosAppUITests.xctest */;
			productType = "com.apple.product-type.bundle.ui-testing";
		};
/* End PBXNativeTarget section */

/* Begin PBXProject section */
		735C1BF71C16F11D0007864C /* Project object */ = {
			isa = PBXProject;
			attributes = {
				LastUpgradeCheck = 0710;
				ORGANIZATIONNAME = "Asif Junaid";
				TargetAttributes = {
					735C1BFE1C16F11D0007864C = {
						CreatedOnToolsVersion = 7.1;
					};
					735C1C121C16F11D0007864C = {
						CreatedOnToolsVersion = 7.1;
						TestTargetID = 735C1BFE1C16F11D0007864C;
					};
					735C1C1D1C16F11D0007864C = {
						CreatedOnToolsVersion = 7.1;
						TestTargetID = 735C1BFE1C16F11D0007864C;
					};
				};
			};
			buildConfigurationList = 735C1BFA1C16F11D0007864C /* Build configuration list for PBXProject "locationServerIosApp" */;
			compatibilityVersion = "Xcode 3.2";
			developmentRegion = English;
			hasScannedForEncodings = 0;
			knownRegions = (
				en,
				Base,
			);
			mainGroup = 735C1BF61C16F11D0007864C;
			productRefGroup = 735C1C001C16F11D0007864C /* Products */;
			projectDirPath = "";
			projectRoot = "";
			targets = (
				735C1BFE1C16F11D0007864C /* locationServerIosApp */,
				735C1C121C16F11D0007864C /* locationServerIosAppTests */,
				735C1C1D1C16F11D0007864C /* locationServerIosAppUITests */,
			);
		};
/* End PBXProject section */

/* Begin PBXResourcesBuildPhase section */
		735C1BFD1C16F11D0007864C /* Resources */ = {
			isa = PBXResourcesBuildPhase;
			buildActionMask = 2147483647;
			files = (
				735C1C0D1C16F11D0007864C /* LaunchScreen.storyboard in Resources */,
				735C1C0A1C16F11D0007864C /* Assets.xcassets in Resources */,
				735C1C081C16F11D0007864C /* Main.storyboard in Resources */,
			);
			runOnlyForDeploymentPostprocessing = 0;
		};
		735C1C111C16F11D0007864C /* Resources */ = {
			isa = PBXResourcesBuildPhase;
			buildActionMask = 2147483647;
			files = (
			);
			runOnlyForDeploymentPostprocessing = 0;
		};
		735C1C1C1C16F11D0007864C /* Resources */ = {
			isa = PBXResourcesBuildPhase;
			buildActionMask = 2147483647;
			files = (
			);
			runOnlyForDeploymentPostprocessing = 0;
		};
/* End PBXResourcesBuildPhase section */

/* Begin PBXSourcesBuildPhase section */
		735C1BFB1C16F11D0007864C /* Sources */ = {
			isa = PBXSourcesBuildPhase;
			buildActionMask = 2147483647;
			files = (
				735C1C051C16F11D0007864C /* ViewController.swift in Sources */,
				735C1C031C16F11D0007864C /* AppDelegate.swift in Sources */,
			);
			runOnlyForDeploymentPostprocessing = 0;
		};
		735C1C0F1C16F11D0007864C /* Sources */ = {
			isa = PBXSourcesBuildPhase;
			buildActionMask = 2147483647;
			files = (
				735C1C181C16F11D0007864C /* locationServerIosAppTests.swift in Sources */,
			);
			runOnlyForDeploymentPostprocessing = 0;
		};
		735C1C1A1C16F11D0007864C /* Sources */ = {
			isa = PBXSourcesBuildPhase;
			buildActionMask = 2147483647;
			files = (
				735C1C231C16F11D0007864C /* locationServerIosAppUITests.swift in Sources */,
			);
			runOnlyForDeploymentPostprocessing = 0;
		};
/* End PBXSourcesBuildPhase section */

/* Begin PBXTargetDependency section */
		735C1C151C16F11D0007864C /* PBXTargetDependency */ = {
			isa = PBXTargetDependency;
			target = 735C1BFE1C16F11D0007864C /* locationServerIosApp */;
			targetProxy = 735C1C141C16F11D0007864C /* PBXContainerItemProxy */;
		};
		735C1C201C16F11D0007864C /* PBXTargetDependency */ = {
			isa = PBXTargetDependency;
			target = 735C1BFE1C16F11D0007864C /* locationServerIosApp */;
			targetProxy = 735C1C1F1C16F11D0007864C /* PBXContainerItemProxy */;
		};
/* End PBXTargetDependency section */

/* Begin PBXVariantGroup section */
		735C1C061C16F11D0007864C /* Main.storyboard */ = {
			isa = PBXVariantGroup;
			children = (
				735C1C071C16F11D0007864C /* Base */,
			);
			name = Main.storyboard;
			sourceTree = "<group>";
		};
		735C1C0B1C16F11D0007864C /* LaunchScreen.storyboard */ = {
			isa = PBXVariantGroup;
			children = (
				735C1C0C1C16F11D0007864C /* Base */,
			);
			name = LaunchScreen.storyboard;
			sourceTree = "<group>";
		};
/* End PBXVariantGroup section */

/* Begin XCBuildConfiguration section */
		735C1C251C16F11D0007864C /* Debug */ = {
			isa = XCBuildConfiguration;
			buildSettings = {
				ALWAYS_SEARCH_USER_PATHS = NO;
				CLANG_CXX_LANGUAGE_STANDARD = "gnu++0x";
				CLANG_CXX_LIBRARY = "libc++";
				CLANG_ENABLE_MODULES = YES;
				CLANG_ENABLE_OBJC_ARC = YES;
				CLANG_WARN_BOOL_CONVERSION = YES;
				CLANG_WARN_CONSTANT_CONVERSION = YES;
				CLANG_WARN_DIRECT_OBJC_ISA_USAGE = YES_ERROR;
				CLANG_WARN_EMPTY_BODY = YES;
				CLANG_WARN_ENUM_CONVERSION = YES;
				CLANG_WARN_INT_CONVERSION = YES;
				CLANG_WARN_OBJC_ROOT_CLASS = YES_ERROR;
				CLANG_WARN_UNREACHABLE_CODE = YES;
				CLANG_WARN__DUPLICATE_METHOD_MATCH = YES;
				"CODE_SIGN_IDENTITY[sdk=iphoneos*]" = "iPhone Developer";
				COPY_PHASE_STRIP = NO;
				DEBUG_INFORMATION_FORMAT = dwarf;
				ENABLE_STRICT_OBJC_MSGSEND = YES;
				ENABLE_TESTABILITY = YES;
				GCC_C_LANGUAGE_STANDARD = gnu99;
				GCC_DYNAMIC_NO_PIC = NO;
				GCC_NO_COMMON_BLOCKS = YES;
				GCC_OPTIMIZATION_LEVEL = 0;
				GCC_PREPROCESSOR_DEFINITIONS = (
					"DEBUG=1",
					"$(inherited)",
				);
				GCC_WARN_64_TO_32_BIT_CONVERSION = YES;
				GCC_WARN_ABOUT_RETURN_TYPE = YES_ERROR;
				GCC_WARN_UNDECLARED_SELECTOR = YES;
				GCC_WARN_UNINITIALIZED_AUTOS = YES_AGGRESSIVE;
				GCC_WARN_UNUSED_FUNCTION = YES;
				GCC_WARN_UNUSED_VARIABLE = YES;
				IPHONEOS_DEPLOYMENT_TARGET = 9.1;
				MTL_ENABLE_DEBUG_INFO = YES;
				ONLY_ACTIVE_ARCH = YES;
				SDKROOT = iphoneos;
				SWIFT_OPTIMIZATION_LEVEL = "-Onone";
			};
			name = Debug;
		};
		735C1C261C16F11D0007864C /* Release */ = {
			isa = XCBuildConfiguration;
			buildSettings = {
				ALWAYS_SEARCH_USER_PATHS = NO;
				CLANG_CXX_LANGUAGE_STANDARD = "gnu++0x";
				CLANG_CXX_LIBRARY = "libc++";
				CLANG_ENABLE_MODULES = YES;
				CLANG_ENABLE_OBJC_ARC = YES;
				CLANG_WARN_BOOL_CONVERSION = YES;
				CLANG_WARN_CONSTANT_CONVERSION = YES;
				CLANG_WARN_DIRECT_OBJC_ISA_USAGE = YES_ERROR;
				CLANG_WARN_EMPTY_BODY = YES;
				CLANG_WARN_ENUM_CONVERSION = YES;
				CLANG_WARN_INT_CONVERSION = YES;
				CLANG_WARN_OBJC_ROOT_CLASS = YES_ERROR;
				CLANG_WARN_UNREACHABLE_CODE = YES;
				CLANG_WARN__DUPLICATE_METHOD_MATCH = YES;
				"CODE_SIGN_IDENTITY[sdk=iphoneos*]" = "iPhone Developer";
				COPY_PHASE_STRIP = NO;
				DEBUG_INFORMATION_FORMAT = "dwarf-with-dsym";
				ENABLE_NS_ASSERTIONS = NO;
				ENABLE_STRICT_OBJC_MSGSEND = YES;
				GCC_C_LANGUAGE_STANDARD = gnu99;
				GCC_NO_COMMON_BLOCKS = YES;
				GCC_WARN_64_TO_32_BIT_CONVERSION = YES;
				GCC_WARN_ABOUT_RETURN_TYPE = YES_ERROR;
				GCC_WARN_UNDECLARED_SELECTOR = YES;
				GCC_WARN_UNINITIALIZED_AUTOS = YES_AGGRESSIVE;
				GCC_WARN_UNUSED_FUNCTION = YES;
				GCC_WARN_UNUSED_VARIABLE = YES;
				IPHONEOS_DEPLOYMENT_TARGET = 9.1;
				MTL_ENABLE_DEBUG_INFO = NO;
				SDKROOT = iphoneos;
				VALIDATE_PRODUCT = YES;
			};
			name = Release;
		};
		735C1C281C16F11D0007864C /* Debug */ = {
			isa = XCBuildConfiguration;
			buildSettings = {
				ASSETCATALOG_COMPILER_APPICON_NAME = AppIcon;
				INFOPLIST_FILE = locationServerIosApp/Info.plist;
				LD_RUNPATH_SEARCH_PATHS = "$(inherited) @executable_path/Frameworks";
				PRODUCT_BUNDLE_IDENTIFIER = com.asifjunaid.locationServerIosApp;
				PRODUCT_NAME = "$(TARGET_NAME)";
			};
			name = Debug;
		};
		735C1C291C16F11D0007864C /* Release */ = {
			isa = XCBuildConfiguration;
			buildSettings = {
				ASSETCATALOG_COMPILER_APPICON_NAME = AppIcon;
				INFOPLIST_FILE = locationServerIosApp/Info.plist;
				LD_RUNPATH_SEARCH_PATHS = "$(inherited) @executable_path/Frameworks";
				PRODUCT_BUNDLE_IDENTIFIER = com.asifjunaid.locationServerIosApp;
				PRODUCT_NAME = "$(TARGET_NAME)";
			};
			name = Release;
		};
		735C1C2B1C16F11D0007864C /* Debug */ = {
			isa = XCBuildConfiguration;
			buildSettings = {
				BUNDLE_LOADER = "$(TEST_HOST)";
				INFOPLIST_FILE = locationServerIosAppTests/Info.plist;
				LD_RUNPATH_SEARCH_PATHS = "$(inherited) @executable_path/Frameworks @loader_path/Frameworks";
				PRODUCT_BUNDLE_IDENTIFIER = com.asifjunaid.locationServerIosAppTests;
				PRODUCT_NAME = "$(TARGET_NAME)";
				TEST_HOST = "$(BUILT_PRODUCTS_DIR)/locationServerIosApp.app/locationServerIosApp";
			};
			name = Debug;
		};
		735C1C2C1C16F11D0007864C /* Release */ = {
			isa = XCBuildConfiguration;
			buildSettings = {
				BUNDLE_LOADER = "$(TEST_HOST)";
				INFOPLIST_FILE = locationServerIosAppTests/Info.plist;
				LD_RUNPATH_SEARCH_PATHS = "$(inherited) @executable_path/Frameworks @loader_path/Frameworks";
				PRODUCT_BUNDLE_IDENTIFIER = com.asifjunaid.locationServerIosAppTests;
				PRODUCT_NAME = "$(TARGET_NAME)";
				TEST_HOST = "$(BUILT_PRODUCTS_DIR)/locationServerIosApp.app/locationServerIosApp";
			};
			name = Release;
		};
		735C1C2E1C16F11D0007864C /* Debug */ = {
			isa = XCBuildConfiguration;
			buildSettings = {
				INFOPLIST_FILE = locationServerIosAppUITests/Info.plist;
				LD_RUNPATH_SEARCH_PATHS = "$(inherited) @executable_path/Frameworks @loader_path/Frameworks";
				PRODUCT_BUNDLE_IDENTIFIER = com.asifjunaid.locationServerIosAppUITests;
				PRODUCT_NAME = "$(TARGET_NAME)";
				TEST_TARGET_NAME = locationServerIosApp;
				USES_XCTRUNNER = YES;
			};
			name = Debug;
		};
		735C1C2F1C16F11D0007864C /* Release */ = {
			isa = XCBuildConfiguration;
			buildSettings = {
				INFOPLIST_FILE = locationServerIosAppUITests/Info.plist;
				LD_RUNPATH_SEARCH_PATHS = "$(inherited) @executable_path/Frameworks @loader_path/Frameworks";
				PRODUCT_BUNDLE_IDENTIFIER = com.asifjunaid.locationServerIosAppUITests;
				PRODUCT_NAME = "$(TARGET_NAME)";
				TEST_TARGET_NAME = locationServerIosApp;
				USES_XCTRUNNER = YES;
			};
			name = Release;
		};
/* End XCBuildConfiguration section */

/* Begin XCConfigurationList section */
		735C1BFA1C16F11D0007864C /* Build configuration list for PBXProject "locationServerIosApp" */ = {
			isa = XCConfigurationList;
			buildConfigurations = (
				735C1C251C16F11D0007864C /* Debug */,
				735C1C261C16F11D0007864C /* Release */,
			);
			defaultConfigurationIsVisible = 0;
			defaultConfigurationName = Release;
		};
		735C1C271C16F11D0007864C /* Build configuration list for PBXNativeTarget "locationServerIosApp" */ = {
			isa = XCConfigurationList;
			buildConfigurations = (
				735C1C281C16F11D0007864C /* Debug */,
				735C1C291C16F11D0007864C /* Release */,
			);
			defaultConfigurationIsVisible = 0;
		};
		735C1C2A1C16F11D0007864C /* Build configuration list for PBXNativeTarget "locationServerIosAppTests" */ = {
			isa = XCConfigurationList;
			buildConfigurations = (
				735C1C2B1C16F11D0007864C /* Debug */,
				735C1C2C1C16F11D0007864C /* Release */,
			);
			defaultConfigurationIsVisible = 0;
		};
		735C1C2D1C16F11D0007864C /* Build configuration list for PBXNativeTarget "locationServerIosAppUITests" */ = {
			isa = XCConfigurationList;
			buildConfigurations = (
				735C1C2E1C16F11D0007864C /* Debug */,
				735C1C2F1C16F11D0007864C /* Release */,
			);
			defaultConfigurationIsVisible = 0;
		};
/* End XCConfigurationList section */
	};
	rootObject = 735C1BF71C16F11D0007864C /* Project object */;
}
